
Microsoft Visual Studio Solution File, Format Version 12.00
# Visual Studio Version 16
VisualStudioVersion = 16.0.30114.105
MinimumVisualStudioVersion = 10.0.40219.1
Project("{FAE04EC0-301F-11D3-BF4B-00C04F79EFBC}") = "addressbook-web-tests", "addressbook-web-tests\addressbook-web-tests.csproj", "{1EC93AD6-21DE-4319-AA16-2F0326A7D1DB}"
EndProject
Global
	GlobalSection(SolutionConfigurationPlatforms) = preSolution
		Debug|Any CPU = Debug|Any CPU
		Release|Any CPU = Release|Any CPU
	EndGlobalSection
	GlobalSection(ProjectConfigurationPlatforms) = postSolution
		{1EC93AD6-21DE-4319-AA16-2F0326A7D1DB}.Debug|Any CPU.ActiveCfg = Debug|Any CPU
		{1EC93AD6-21DE-4319-AA16-2F0326A7D1DB}.Debug|Any CPU.Build.0 = Debug|Any CPU
		{1EC93AD6-21DE-4319-AA16-2F0326A7D1DB}.Release|Any CPU.ActiveCfg = Release|Any CPU
		{1EC93AD6-21DE-4319-AA16-2F0326A7D1DB}.Release|Any CPU.Build.0 = Release|Any CPU
	EndGlobalSection
	GlobalSection(SolutionProperties) = preSolution
		HideSolutionNode = FALSE
	EndGlobalSection
	GlobalSection(ExtensibilityGlobals) = postSolution
		SolutionGuid = {6DEBC592-600B-42A3-B5FD-EE0C62A5A64F}
	EndGlobalSection
EndGlobal
